<?xml version="1.0" encoding="utf-8"?>
<Project ToolsVersion="4.0" xmlns="http://schemas.microsoft.com/developer/msbuild/2003">
  <ItemGroup>
    <Filter Include="File di origine">
      <UniqueIdentifier>{4FC737F1-C7A5-4376-A066-2A32D752A2FF}</UniqueIdentifier>
      <Extensions>cpp;c;cc;cxx;c++;cppm;ixx;def;odl;idl;hpj;bat;asm;asmx</Extensions>
    </Filter>
    <Filter Include="File di intestazione">
      <UniqueIdentifier>{93995380-89BD-4b04-88EB-625FBE52EBFB}</UniqueIdentifier>
      <Extensions>h;hh;hpp;hxx;h++;hm;inl;inc;ipp;xsd</Extensions>
    </Filter>
    <Filter Include="File di risorse">
      <UniqueIdentifier>{67DA6AB6-F800-4c08-8B7A-83BB121AAD01}</UniqueIdentifier>
      <Extensions>rc;ico;cur;bmp;dlg;rc2;rct;bin;rgs;gif;jpg;jpeg;jpe;resx;tiff;tif;png;wav;mfcribbon-ms</Extensions>
    </Filter>
    <Filter Include="File di componenti">
      <UniqueIdentifier>{7266de98-68c6-47d1-8add-d6b903f1effb}</UniqueIdentifier>
    </Filter>
  </ItemGroup>
  <ItemGroup>
    <ClCompile Include="main.cpp">
      <Filter>File di origine</Filter>
    </ClCompile>
    <ClCompile Include="glut.cpp">
      <Filter>File di origine</Filter>
    </ClCompile>
    <ClCompile Include="Shader.cpp">
      <Filter>File di origine</Filter>
    </ClCompile>
    <ClCompile Include="KinectSensor.cpp">
      <Filter>File di origine</Filter>
    </ClCompile>
    <ClCompile Include="ComponentKinect.cpp">
      <Filter>File di origine</Filter>
    </ClCompile>
    <ClCompile Include="Avatar.cpp">
      <Filter>File di origine</Filter>
    </ClCompile>
    <ClCompile Include="Robot.cpp">
      <Filter>File di origine</Filter>
    </ClCompile>
    <ClCompile Include="Component.cpp">
      <Filter>File di origine</Filter>
    </ClCompile>
    <ClCompile Include="Camera.cpp">
      <Filter>File di origine</Filter>
    </ClCompile>
  </ItemGroup>
  <ItemGroup>
    <ClInclude Include="glut.h">
      <Filter>File di intestazione</Filter>
    </ClInclude>
    <ClInclude Include="main.h">
      <Filter>File di intestazione</Filter>
    </ClInclude>
    <ClInclude Include="Shader.h">
      <Filter>File di intestazione</Filter>
    </ClInclude>
    <ClInclude Include="KinectSensor.h">
      <Filter>File di intestazione</Filter>
    </ClInclude>
    <ClInclude Include="ComponentKinect.h">
      <Filter>File di intestazione</Filter>
    </ClInclude>
    <ClInclude Include="Avatar.h">
      <Filter>File di intestazione</Filter>
    </ClInclude>
    <ClInclude Include="Robot.h">
      <Filter>File di intestazione</Filter>
    </ClInclude>
    <ClInclude Include="Component.h">
      <Filter>File di intestazione</Filter>
    </ClInclude>
    <ClInclude Include="RightArm.h">
      <Filter>File di componenti</Filter>
    </ClInclude>
    <ClInclude Include="RightForearm.h">
      <Filter>File di componenti</Filter>
    </ClInclude>
    <ClInclude Include="RightLeg.h">
      <Filter>File di componenti</Filter>
    </ClInclude>
    <ClInclude Include="RightThigh.h">
      <Filter>File di componenti</Filter>
    </ClInclude>
    <ClInclude Include="LeftThigh.h">
      <Filter>File di componenti</Filter>
    </ClInclude>
    <ClInclude Include="LeftLeg.h">
      <Filter>File di componenti</Filter>
    </ClInclude>
    <ClInclude Include="LeftForearm.h">
      <Filter>File di componenti</Filter>
    </ClInclude>
    <ClInclude Include="LeftArm.h">
      <Filter>File di componenti</Filter>
    </ClInclude>
    <ClInclude Include="Head.h">
      <Filter>File di componenti</Filter>
    </ClInclude>
    <ClInclude Include="Camera.h">
      <Filter>File di intestazione</Filter>
    </ClInclude>
    <ClInclude Include="Body.h">
      <Filter>File di componenti</Filter>
    </ClInclude>
  </ItemGroup>
  <ItemGroup>
    <None Include="fs.glsl" />
    <None Include="vs.glsl" />
    <None Include="packages.config" />
  </ItemGroup>
</Project>